
Microsoft Visual Studio Solution File, Format Version 12.00
# Visual Studio Version 16
VisualStudioVersion = 16.0.31624.102
MinimumVisualStudioVersion = 10.0.40219.1
Project("{FAE04EC0-301F-11D3-BF4B-00C04F79EFBC}") = "97.InsertIntervals", "97.InsertIntervals\97.InsertIntervals.csproj", "{B48ABE7F-F475-4FA8-A383-9CF4C0832C45}"
EndProject
Global
	GlobalSection(SolutionConfigurationPlatforms) = preSolution
		Debug|Any CPU = Debug|Any CPU
		Release|Any CPU = Release|Any CPU
	EndGlobalSection
	GlobalSection(ProjectConfigurationPlatforms) = postSolution
		{B48ABE7F-F475-4FA8-A383-9CF4C0832C45}.Debug|Any CPU.ActiveCfg = Debug|Any CPU
		{B48ABE7F-F475-4FA8-A383-9CF4C0832C45}.Debug|Any CPU.Build.0 = Debug|Any CPU
		{B48ABE7F-F475-4FA8-A383-9CF4C0832C45}.Release|Any CPU.ActiveCfg = Release|Any CPU
		{B48ABE7F-F475-4FA8-A383-9CF4C0832C45}.Release|Any CPU.Build.0 = Release|Any CPU
	EndGlobalSection
	GlobalSection(SolutionProperties) = preSolution
		HideSolutionNode = FALSE
	EndGlobalSection
	GlobalSection(ExtensibilityGlobals) = postSolution
		SolutionGuid = {F4F73CC9-D53B-4681-8D2D-BAC4CCD78516}
	EndGlobalSection
EndGlobal
