
Microsoft Visual Studio Solution File, Format Version 12.00
# Visual Studio Version 16
VisualStudioVersion = 16.0.31624.102
MinimumVisualStudioVersion = 10.0.40219.1
Project("{FAE04EC0-301F-11D3-BF4B-00C04F79EFBC}") = "132.ConstructBinaryTreePreOrderInordr", "132.ConstructBinaryTreePreOrderInordr\132.ConstructBinaryTreePreOrderInordr.csproj", "{1C439050-B465-4B05-ABF7-2DCE6F936583}"
EndProject
Global
	GlobalSection(SolutionConfigurationPlatforms) = preSolution
		Debug|Any CPU = Debug|Any CPU
		Release|Any CPU = Release|Any CPU
	EndGlobalSection
	GlobalSection(ProjectConfigurationPlatforms) = postSolution
		{1C439050-B465-4B05-ABF7-2DCE6F936583}.Debug|Any CPU.ActiveCfg = Debug|Any CPU
		{1C439050-B465-4B05-ABF7-2DCE6F936583}.Debug|Any CPU.Build.0 = Debug|Any CPU
		{1C439050-B465-4B05-ABF7-2DCE6F936583}.Release|Any CPU.ActiveCfg = Release|Any CPU
		{1C439050-B465-4B05-ABF7-2DCE6F936583}.Release|Any CPU.Build.0 = Release|Any CPU
	EndGlobalSection
	GlobalSection(SolutionProperties) = preSolution
		HideSolutionNode = FALSE
	EndGlobalSection
	GlobalSection(ExtensibilityGlobals) = postSolution
		SolutionGuid = {A2A077FE-AB90-4F76-926D-AF5370F0B168}
	EndGlobalSection
EndGlobal
