
Microsoft Visual Studio Solution File, Format Version 12.00
# Visual Studio Version 16
VisualStudioVersion = 16.0.31624.102
MinimumVisualStudioVersion = 10.0.40219.1
Project("{FAE04EC0-301F-11D3-BF4B-00C04F79EFBC}") = "30.InvertBinaaryTree", "30.InvertBinaaryTree\30.InvertBinaaryTree.csproj", "{52898280-857B-4285-B686-59B4F5903638}"
EndProject
Global
	GlobalSection(SolutionConfigurationPlatforms) = preSolution
		Debug|Any CPU = Debug|Any CPU
		Release|Any CPU = Release|Any CPU
	EndGlobalSection
	GlobalSection(ProjectConfigurationPlatforms) = postSolution
		{52898280-857B-4285-B686-59B4F5903638}.Debug|Any CPU.ActiveCfg = Debug|Any CPU
		{52898280-857B-4285-B686-59B4F5903638}.Debug|Any CPU.Build.0 = Debug|Any CPU
		{52898280-857B-4285-B686-59B4F5903638}.Release|Any CPU.ActiveCfg = Release|Any CPU
		{52898280-857B-4285-B686-59B4F5903638}.Release|Any CPU.Build.0 = Release|Any CPU
	EndGlobalSection
	GlobalSection(SolutionProperties) = preSolution
		HideSolutionNode = FALSE
	EndGlobalSection
	GlobalSection(ExtensibilityGlobals) = postSolution
		SolutionGuid = {F44B9DD8-5B42-49BB-AD60-86453A397287}
	EndGlobalSection
EndGlobal
