
Microsoft Visual Studio Solution File, Format Version 12.00
# Visual Studio Version 16
VisualStudioVersion = 16.0.31624.102
MinimumVisualStudioVersion = 10.0.40219.1
Project("{FAE04EC0-301F-11D3-BF4B-00C04F79EFBC}") = "3.DisappearedInArray", "3.DisappearedInArray\3.DisappearedInArray.csproj", "{B117D2C7-DC29-4A1E-8438-3D2ABC7989CA}"
EndProject
Global
	GlobalSection(SolutionConfigurationPlatforms) = preSolution
		Debug|Any CPU = Debug|Any CPU
		Release|Any CPU = Release|Any CPU
	EndGlobalSection
	GlobalSection(ProjectConfigurationPlatforms) = postSolution
		{B117D2C7-DC29-4A1E-8438-3D2ABC7989CA}.Debug|Any CPU.ActiveCfg = Debug|Any CPU
		{B117D2C7-DC29-4A1E-8438-3D2ABC7989CA}.Debug|Any CPU.Build.0 = Debug|Any CPU
		{B117D2C7-DC29-4A1E-8438-3D2ABC7989CA}.Release|Any CPU.ActiveCfg = Release|Any CPU
		{B117D2C7-DC29-4A1E-8438-3D2ABC7989CA}.Release|Any CPU.Build.0 = Release|Any CPU
	EndGlobalSection
	GlobalSection(SolutionProperties) = preSolution
		HideSolutionNode = FALSE
	EndGlobalSection
	GlobalSection(ExtensibilityGlobals) = postSolution
		SolutionGuid = {B6F5113A-ECAF-4EEB-983E-D7A6A72EDDB5}
	EndGlobalSection
EndGlobal
