
Microsoft Visual Studio Solution File, Format Version 12.00
# Visual Studio Version 16
VisualStudioVersion = 16.0.31624.102
MinimumVisualStudioVersion = 10.0.40219.1
Project("{FAE04EC0-301F-11D3-BF4B-00C04F79EFBC}") = "60.HouseRobber2", "60.HouseRobber2\60.HouseRobber2.csproj", "{B817BFEE-2B12-4CCF-B6C1-CD2C12B21D36}"
EndProject
Global
	GlobalSection(SolutionConfigurationPlatforms) = preSolution
		Debug|Any CPU = Debug|Any CPU
		Release|Any CPU = Release|Any CPU
	EndGlobalSection
	GlobalSection(ProjectConfigurationPlatforms) = postSolution
		{B817BFEE-2B12-4CCF-B6C1-CD2C12B21D36}.Debug|Any CPU.ActiveCfg = Debug|Any CPU
		{B817BFEE-2B12-4CCF-B6C1-CD2C12B21D36}.Debug|Any CPU.Build.0 = Debug|Any CPU
		{B817BFEE-2B12-4CCF-B6C1-CD2C12B21D36}.Release|Any CPU.ActiveCfg = Release|Any CPU
		{B817BFEE-2B12-4CCF-B6C1-CD2C12B21D36}.Release|Any CPU.Build.0 = Release|Any CPU
	EndGlobalSection
	GlobalSection(SolutionProperties) = preSolution
		HideSolutionNode = FALSE
	EndGlobalSection
	GlobalSection(ExtensibilityGlobals) = postSolution
		SolutionGuid = {6F24C4E2-8B05-445A-B842-0CA59784A8A6}
	EndGlobalSection
EndGlobal
