
Microsoft Visual Studio Solution File, Format Version 12.00
# Visual Studio Version 16
VisualStudioVersion = 16.0.31624.102
MinimumVisualStudioVersion = 10.0.40219.1
Project("{FAE04EC0-301F-11D3-BF4B-00C04F79EFBC}") = "24.PathSum", "24.PathSum\24.PathSum.csproj", "{5662F39E-3585-480B-B3C1-A462B92A5148}"
EndProject
Global
	GlobalSection(SolutionConfigurationPlatforms) = preSolution
		Debug|Any CPU = Debug|Any CPU
		Release|Any CPU = Release|Any CPU
	EndGlobalSection
	GlobalSection(ProjectConfigurationPlatforms) = postSolution
		{5662F39E-3585-480B-B3C1-A462B92A5148}.Debug|Any CPU.ActiveCfg = Debug|Any CPU
		{5662F39E-3585-480B-B3C1-A462B92A5148}.Debug|Any CPU.Build.0 = Debug|Any CPU
		{5662F39E-3585-480B-B3C1-A462B92A5148}.Release|Any CPU.ActiveCfg = Release|Any CPU
		{5662F39E-3585-480B-B3C1-A462B92A5148}.Release|Any CPU.Build.0 = Release|Any CPU
	EndGlobalSection
	GlobalSection(SolutionProperties) = preSolution
		HideSolutionNode = FALSE
	EndGlobalSection
	GlobalSection(ExtensibilityGlobals) = postSolution
		SolutionGuid = {A371769A-8E5E-47CC-9DE2-A150AE0FCFB5}
	EndGlobalSection
EndGlobal
