
Microsoft Visual Studio Solution File, Format Version 12.00
# Visual Studio Version 16
VisualStudioVersion = 16.0.31624.102
MinimumVisualStudioVersion = 10.0.40219.1
Project("{FAE04EC0-301F-11D3-BF4B-00C04F79EFBC}") = "162.MedianFromDataStream", "162.MedianFromDataStream\162.MedianFromDataStream.csproj", "{8985D4B2-1BCE-42E5-9F92-A75167B29F49}"
EndProject
Global
	GlobalSection(SolutionConfigurationPlatforms) = preSolution
		Debug|Any CPU = Debug|Any CPU
		Release|Any CPU = Release|Any CPU
	EndGlobalSection
	GlobalSection(ProjectConfigurationPlatforms) = postSolution
		{8985D4B2-1BCE-42E5-9F92-A75167B29F49}.Debug|Any CPU.ActiveCfg = Debug|Any CPU
		{8985D4B2-1BCE-42E5-9F92-A75167B29F49}.Debug|Any CPU.Build.0 = Debug|Any CPU
		{8985D4B2-1BCE-42E5-9F92-A75167B29F49}.Release|Any CPU.ActiveCfg = Release|Any CPU
		{8985D4B2-1BCE-42E5-9F92-A75167B29F49}.Release|Any CPU.Build.0 = Release|Any CPU
	EndGlobalSection
	GlobalSection(SolutionProperties) = preSolution
		HideSolutionNode = FALSE
	EndGlobalSection
	GlobalSection(ExtensibilityGlobals) = postSolution
		SolutionGuid = {2FE72159-A30F-4697-B735-840738A762A7}
	EndGlobalSection
EndGlobal
