
Microsoft Visual Studio Solution File, Format Version 12.00
# Visual Studio Version 16
VisualStudioVersion = 16.0.31624.102
MinimumVisualStudioVersion = 10.0.40219.1
Project("{FAE04EC0-301F-11D3-BF4B-00C04F79EFBC}") = "148.EmployeeFreeTime", "148.EmployeeFreeTime\148.EmployeeFreeTime.csproj", "{37060C9E-2335-453C-A576-3C4A8AE1B97D}"
EndProject
Global
	GlobalSection(SolutionConfigurationPlatforms) = preSolution
		Debug|Any CPU = Debug|Any CPU
		Release|Any CPU = Release|Any CPU
	EndGlobalSection
	GlobalSection(ProjectConfigurationPlatforms) = postSolution
		{37060C9E-2335-453C-A576-3C4A8AE1B97D}.Debug|Any CPU.ActiveCfg = Debug|Any CPU
		{37060C9E-2335-453C-A576-3C4A8AE1B97D}.Debug|Any CPU.Build.0 = Debug|Any CPU
		{37060C9E-2335-453C-A576-3C4A8AE1B97D}.Release|Any CPU.ActiveCfg = Release|Any CPU
		{37060C9E-2335-453C-A576-3C4A8AE1B97D}.Release|Any CPU.Build.0 = Release|Any CPU
	EndGlobalSection
	GlobalSection(SolutionProperties) = preSolution
		HideSolutionNode = FALSE
	EndGlobalSection
	GlobalSection(ExtensibilityGlobals) = postSolution
		SolutionGuid = {C861799C-F8FA-4634-81FA-D7CFF66160ED}
	EndGlobalSection
EndGlobal
