
Microsoft Visual Studio Solution File, Format Version 12.00
# Visual Studio Version 16
VisualStudioVersion = 16.0.31624.102
MinimumVisualStudioVersion = 10.0.40219.1
Project("{FAE04EC0-301F-11D3-BF4B-00C04F79EFBC}") = "83.GraphValidTree", "83.GraphValidTree\83.GraphValidTree.csproj", "{EC5CB6AD-89A5-4019-815E-10A6BC4F8138}"
EndProject
Global
	GlobalSection(SolutionConfigurationPlatforms) = preSolution
		Debug|Any CPU = Debug|Any CPU
		Release|Any CPU = Release|Any CPU
	EndGlobalSection
	GlobalSection(ProjectConfigurationPlatforms) = postSolution
		{EC5CB6AD-89A5-4019-815E-10A6BC4F8138}.Debug|Any CPU.ActiveCfg = Debug|Any CPU
		{EC5CB6AD-89A5-4019-815E-10A6BC4F8138}.Debug|Any CPU.Build.0 = Debug|Any CPU
		{EC5CB6AD-89A5-4019-815E-10A6BC4F8138}.Release|Any CPU.ActiveCfg = Release|Any CPU
		{EC5CB6AD-89A5-4019-815E-10A6BC4F8138}.Release|Any CPU.Build.0 = Release|Any CPU
	EndGlobalSection
	GlobalSection(SolutionProperties) = preSolution
		HideSolutionNode = FALSE
	EndGlobalSection
	GlobalSection(ExtensibilityGlobals) = postSolution
		SolutionGuid = {CEF5343B-6FC8-4CBA-B0C3-9407AB3474B1}
	EndGlobalSection
EndGlobal
