
Microsoft Visual Studio Solution File, Format Version 12.00
# Visual Studio Version 16
VisualStudioVersion = 16.0.31624.102
MinimumVisualStudioVersion = 10.0.40219.1
Project("{FAE04EC0-301F-11D3-BF4B-00C04F79EFBC}") = "25.DiameterOfTree", "25.DiameterOfTree\25.DiameterOfTree.csproj", "{30460539-6EE5-42DB-BDE4-6A50A69196EF}"
EndProject
Global
	GlobalSection(SolutionConfigurationPlatforms) = preSolution
		Debug|Any CPU = Debug|Any CPU
		Release|Any CPU = Release|Any CPU
	EndGlobalSection
	GlobalSection(ProjectConfigurationPlatforms) = postSolution
		{30460539-6EE5-42DB-BDE4-6A50A69196EF}.Debug|Any CPU.ActiveCfg = Debug|Any CPU
		{30460539-6EE5-42DB-BDE4-6A50A69196EF}.Debug|Any CPU.Build.0 = Debug|Any CPU
		{30460539-6EE5-42DB-BDE4-6A50A69196EF}.Release|Any CPU.ActiveCfg = Release|Any CPU
		{30460539-6EE5-42DB-BDE4-6A50A69196EF}.Release|Any CPU.Build.0 = Release|Any CPU
	EndGlobalSection
	GlobalSection(SolutionProperties) = preSolution
		HideSolutionNode = FALSE
	EndGlobalSection
	GlobalSection(ExtensibilityGlobals) = postSolution
		SolutionGuid = {A5ADC96B-BBD7-41B9-9C22-C58168571F54}
	EndGlobalSection
EndGlobal
