
Microsoft Visual Studio Solution File, Format Version 12.00
# Visual Studio Version 16
VisualStudioVersion = 16.0.31624.102
MinimumVisualStudioVersion = 10.0.40219.1
Project("{FAE04EC0-301F-11D3-BF4B-00C04F79EFBC}") = "63.LongincreasingSequence", "63.LongincreasingSequence\63.LongincreasingSequence.csproj", "{32C61C19-1354-466B-82D0-E90B6BF69441}"
EndProject
Global
	GlobalSection(SolutionConfigurationPlatforms) = preSolution
		Debug|Any CPU = Debug|Any CPU
		Release|Any CPU = Release|Any CPU
	EndGlobalSection
	GlobalSection(ProjectConfigurationPlatforms) = postSolution
		{32C61C19-1354-466B-82D0-E90B6BF69441}.Debug|Any CPU.ActiveCfg = Debug|Any CPU
		{32C61C19-1354-466B-82D0-E90B6BF69441}.Debug|Any CPU.Build.0 = Debug|Any CPU
		{32C61C19-1354-466B-82D0-E90B6BF69441}.Release|Any CPU.ActiveCfg = Release|Any CPU
		{32C61C19-1354-466B-82D0-E90B6BF69441}.Release|Any CPU.Build.0 = Release|Any CPU
	EndGlobalSection
	GlobalSection(SolutionProperties) = preSolution
		HideSolutionNode = FALSE
	EndGlobalSection
	GlobalSection(ExtensibilityGlobals) = postSolution
		SolutionGuid = {9D0B3511-73F6-4255-A182-D2AB70D0FE4B}
	EndGlobalSection
EndGlobal
