
Microsoft Visual Studio Solution File, Format Version 12.00
# Visual Studio Version 16
VisualStudioVersion = 16.0.31624.102
MinimumVisualStudioVersion = 10.0.40219.1
Project("{FAE04EC0-301F-11D3-BF4B-00C04F79EFBC}") = "103.Searchin2DMatrix2", "103.Searchin2DMatrix2\103.Searchin2DMatrix2.csproj", "{C08E7402-C6D2-483B-929F-02B1C89BBF37}"
EndProject
Global
	GlobalSection(SolutionConfigurationPlatforms) = preSolution
		Debug|Any CPU = Debug|Any CPU
		Release|Any CPU = Release|Any CPU
	EndGlobalSection
	GlobalSection(ProjectConfigurationPlatforms) = postSolution
		{C08E7402-C6D2-483B-929F-02B1C89BBF37}.Debug|Any CPU.ActiveCfg = Debug|Any CPU
		{C08E7402-C6D2-483B-929F-02B1C89BBF37}.Debug|Any CPU.Build.0 = Debug|Any CPU
		{C08E7402-C6D2-483B-929F-02B1C89BBF37}.Release|Any CPU.ActiveCfg = Release|Any CPU
		{C08E7402-C6D2-483B-929F-02B1C89BBF37}.Release|Any CPU.Build.0 = Release|Any CPU
	EndGlobalSection
	GlobalSection(SolutionProperties) = preSolution
		HideSolutionNode = FALSE
	EndGlobalSection
	GlobalSection(ExtensibilityGlobals) = postSolution
		SolutionGuid = {2371DC69-1E85-4FD2-8D48-0735032AD0E4}
	EndGlobalSection
EndGlobal
