
Microsoft Visual Studio Solution File, Format Version 12.00
# Visual Studio Version 16
VisualStudioVersion = 16.0.31624.102
MinimumVisualStudioVersion = 10.0.40219.1
Project("{FAE04EC0-301F-11D3-BF4B-00C04F79EFBC}") = "128.PathSumii", "128.PathSumii\128.PathSumii.csproj", "{1C2BA946-1AED-4279-9704-DC205A2CBBEE}"
EndProject
Global
	GlobalSection(SolutionConfigurationPlatforms) = preSolution
		Debug|Any CPU = Debug|Any CPU
		Release|Any CPU = Release|Any CPU
	EndGlobalSection
	GlobalSection(ProjectConfigurationPlatforms) = postSolution
		{1C2BA946-1AED-4279-9704-DC205A2CBBEE}.Debug|Any CPU.ActiveCfg = Debug|Any CPU
		{1C2BA946-1AED-4279-9704-DC205A2CBBEE}.Debug|Any CPU.Build.0 = Debug|Any CPU
		{1C2BA946-1AED-4279-9704-DC205A2CBBEE}.Release|Any CPU.ActiveCfg = Release|Any CPU
		{1C2BA946-1AED-4279-9704-DC205A2CBBEE}.Release|Any CPU.Build.0 = Release|Any CPU
	EndGlobalSection
	GlobalSection(SolutionProperties) = preSolution
		HideSolutionNode = FALSE
	EndGlobalSection
	GlobalSection(ExtensibilityGlobals) = postSolution
		SolutionGuid = {6C6FBDEC-61F7-4B75-8E7F-C4449768371C}
	EndGlobalSection
EndGlobal
