
Microsoft Visual Studio Solution File, Format Version 12.00
# Visual Studio Version 16
VisualStudioVersion = 16.0.31624.102
MinimumVisualStudioVersion = 10.0.40219.1
Project("{FAE04EC0-301F-11D3-BF4B-00C04F79EFBC}") = "125.RightViewBinaryTree", "125.RightViewBinaryTree\125.RightViewBinaryTree.csproj", "{827F5385-9A42-49CA-B447-C684BBC08DA5}"
EndProject
Global
	GlobalSection(SolutionConfigurationPlatforms) = preSolution
		Debug|Any CPU = Debug|Any CPU
		Release|Any CPU = Release|Any CPU
	EndGlobalSection
	GlobalSection(ProjectConfigurationPlatforms) = postSolution
		{827F5385-9A42-49CA-B447-C684BBC08DA5}.Debug|Any CPU.ActiveCfg = Debug|Any CPU
		{827F5385-9A42-49CA-B447-C684BBC08DA5}.Debug|Any CPU.Build.0 = Debug|Any CPU
		{827F5385-9A42-49CA-B447-C684BBC08DA5}.Release|Any CPU.ActiveCfg = Release|Any CPU
		{827F5385-9A42-49CA-B447-C684BBC08DA5}.Release|Any CPU.Build.0 = Release|Any CPU
	EndGlobalSection
	GlobalSection(SolutionProperties) = preSolution
		HideSolutionNode = FALSE
	EndGlobalSection
	GlobalSection(ExtensibilityGlobals) = postSolution
		SolutionGuid = {B69CCD4D-6593-4786-9B68-99764B7EB9F2}
	EndGlobalSection
EndGlobal
