
Microsoft Visual Studio Solution File, Format Version 12.00
# Visual Studio Version 16
VisualStudioVersion = 16.0.31624.102
MinimumVisualStudioVersion = 10.0.40219.1
Project("{FAE04EC0-301F-11D3-BF4B-00C04F79EFBC}") = "18.BinarySearch", "18.BinarySearch\18.BinarySearch.csproj", "{4D2036C3-7B25-43AE-90E9-6458295F7196}"
EndProject
Global
	GlobalSection(SolutionConfigurationPlatforms) = preSolution
		Debug|Any CPU = Debug|Any CPU
		Release|Any CPU = Release|Any CPU
	EndGlobalSection
	GlobalSection(ProjectConfigurationPlatforms) = postSolution
		{4D2036C3-7B25-43AE-90E9-6458295F7196}.Debug|Any CPU.ActiveCfg = Debug|Any CPU
		{4D2036C3-7B25-43AE-90E9-6458295F7196}.Debug|Any CPU.Build.0 = Debug|Any CPU
		{4D2036C3-7B25-43AE-90E9-6458295F7196}.Release|Any CPU.ActiveCfg = Release|Any CPU
		{4D2036C3-7B25-43AE-90E9-6458295F7196}.Release|Any CPU.Build.0 = Release|Any CPU
	EndGlobalSection
	GlobalSection(SolutionProperties) = preSolution
		HideSolutionNode = FALSE
	EndGlobalSection
	GlobalSection(ExtensibilityGlobals) = postSolution
		SolutionGuid = {D032B36A-34C4-4A1B-915A-8D51EF18ED3F}
	EndGlobalSection
EndGlobal
