
Microsoft Visual Studio Solution File, Format Version 12.00
# Visual Studio Version 16
VisualStudioVersion = 16.0.31624.102
MinimumVisualStudioVersion = 10.0.40219.1
Project("{FAE04EC0-301F-11D3-BF4B-00C04F79EFBC}") = "149.CountRangeSum", "149.CountRangeSum\149.CountRangeSum.csproj", "{FAF22F91-3831-4F80-8E1A-45B5D12AA861}"
EndProject
Global
	GlobalSection(SolutionConfigurationPlatforms) = preSolution
		Debug|Any CPU = Debug|Any CPU
		Release|Any CPU = Release|Any CPU
	EndGlobalSection
	GlobalSection(ProjectConfigurationPlatforms) = postSolution
		{FAF22F91-3831-4F80-8E1A-45B5D12AA861}.Debug|Any CPU.ActiveCfg = Debug|Any CPU
		{FAF22F91-3831-4F80-8E1A-45B5D12AA861}.Debug|Any CPU.Build.0 = Debug|Any CPU
		{FAF22F91-3831-4F80-8E1A-45B5D12AA861}.Release|Any CPU.ActiveCfg = Release|Any CPU
		{FAF22F91-3831-4F80-8E1A-45B5D12AA861}.Release|Any CPU.Build.0 = Release|Any CPU
	EndGlobalSection
	GlobalSection(SolutionProperties) = preSolution
		HideSolutionNode = FALSE
	EndGlobalSection
	GlobalSection(ExtensibilityGlobals) = postSolution
		SolutionGuid = {73065371-4363-4CB9-8727-EF3C5FE542F3}
	EndGlobalSection
EndGlobal
