
Microsoft Visual Studio Solution File, Format Version 12.00
# Visual Studio Version 16
VisualStudioVersion = 16.0.31624.102
MinimumVisualStudioVersion = 10.0.40219.1
Project("{FAE04EC0-301F-11D3-BF4B-00C04F79EFBC}") = "43.WordSearch", "43.WordSearch\43.WordSearch.csproj", "{C1682551-EBB1-4B84-B01D-E8E6153C3484}"
EndProject
Global
	GlobalSection(SolutionConfigurationPlatforms) = preSolution
		Debug|Any CPU = Debug|Any CPU
		Release|Any CPU = Release|Any CPU
	EndGlobalSection
	GlobalSection(ProjectConfigurationPlatforms) = postSolution
		{C1682551-EBB1-4B84-B01D-E8E6153C3484}.Debug|Any CPU.ActiveCfg = Debug|Any CPU
		{C1682551-EBB1-4B84-B01D-E8E6153C3484}.Debug|Any CPU.Build.0 = Debug|Any CPU
		{C1682551-EBB1-4B84-B01D-E8E6153C3484}.Release|Any CPU.ActiveCfg = Release|Any CPU
		{C1682551-EBB1-4B84-B01D-E8E6153C3484}.Release|Any CPU.Build.0 = Release|Any CPU
	EndGlobalSection
	GlobalSection(SolutionProperties) = preSolution
		HideSolutionNode = FALSE
	EndGlobalSection
	GlobalSection(ExtensibilityGlobals) = postSolution
		SolutionGuid = {5C99F5EA-6450-4006-AB59-67AAFE154DE5}
	EndGlobalSection
EndGlobal
