
Microsoft Visual Studio Solution File, Format Version 12.00
# Visual Studio Version 16
VisualStudioVersion = 16.0.31624.102
MinimumVisualStudioVersion = 10.0.40219.1
Project("{FAE04EC0-301F-11D3-BF4B-00C04F79EFBC}") = "69.JumpGame", "69.JumpGame\69.JumpGame.csproj", "{2D6A088F-8996-4A9A-BBF4-C14611CC6452}"
EndProject
Global
	GlobalSection(SolutionConfigurationPlatforms) = preSolution
		Debug|Any CPU = Debug|Any CPU
		Release|Any CPU = Release|Any CPU
	EndGlobalSection
	GlobalSection(ProjectConfigurationPlatforms) = postSolution
		{2D6A088F-8996-4A9A-BBF4-C14611CC6452}.Debug|Any CPU.ActiveCfg = Debug|Any CPU
		{2D6A088F-8996-4A9A-BBF4-C14611CC6452}.Debug|Any CPU.Build.0 = Debug|Any CPU
		{2D6A088F-8996-4A9A-BBF4-C14611CC6452}.Release|Any CPU.ActiveCfg = Release|Any CPU
		{2D6A088F-8996-4A9A-BBF4-C14611CC6452}.Release|Any CPU.Build.0 = Release|Any CPU
	EndGlobalSection
	GlobalSection(SolutionProperties) = preSolution
		HideSolutionNode = FALSE
	EndGlobalSection
	GlobalSection(ExtensibilityGlobals) = postSolution
		SolutionGuid = {57E002A7-794C-4318-A1FD-2DCBEEF6EF36}
	EndGlobalSection
EndGlobal
