
Microsoft Visual Studio Solution File, Format Version 12.00
# Visual Studio Version 16
VisualStudioVersion = 16.0.31624.102
MinimumVisualStudioVersion = 10.0.40219.1
Project("{FAE04EC0-301F-11D3-BF4B-00C04F79EFBC}") = "49.PermutationWithDup", "49.PermutationWithDup\49.PermutationWithDup.csproj", "{75B3FA8E-A4A5-48C8-9D2A-1DD178E905F1}"
EndProject
Global
	GlobalSection(SolutionConfigurationPlatforms) = preSolution
		Debug|Any CPU = Debug|Any CPU
		Release|Any CPU = Release|Any CPU
	EndGlobalSection
	GlobalSection(ProjectConfigurationPlatforms) = postSolution
		{75B3FA8E-A4A5-48C8-9D2A-1DD178E905F1}.Debug|Any CPU.ActiveCfg = Debug|Any CPU
		{75B3FA8E-A4A5-48C8-9D2A-1DD178E905F1}.Debug|Any CPU.Build.0 = Debug|Any CPU
		{75B3FA8E-A4A5-48C8-9D2A-1DD178E905F1}.Release|Any CPU.ActiveCfg = Release|Any CPU
		{75B3FA8E-A4A5-48C8-9D2A-1DD178E905F1}.Release|Any CPU.Build.0 = Release|Any CPU
	EndGlobalSection
	GlobalSection(SolutionProperties) = preSolution
		HideSolutionNode = FALSE
	EndGlobalSection
	GlobalSection(ExtensibilityGlobals) = postSolution
		SolutionGuid = {5E65226C-0EA7-43E6-9B7C-32FBB12DE4A9}
	EndGlobalSection
EndGlobal
