
Microsoft Visual Studio Solution File, Format Version 12.00
# Visual Studio Version 16
VisualStudioVersion = 16.0.31624.102
MinimumVisualStudioVersion = 10.0.40219.1
Project("{FAE04EC0-301F-11D3-BF4B-00C04F79EFBC}") = "53.CombinationSum3", "53.CombinationSum3\53.CombinationSum3.csproj", "{09AB8478-0FD8-4491-BE7A-57BD5ADF7A2E}"
EndProject
Global
	GlobalSection(SolutionConfigurationPlatforms) = preSolution
		Debug|Any CPU = Debug|Any CPU
		Release|Any CPU = Release|Any CPU
	EndGlobalSection
	GlobalSection(ProjectConfigurationPlatforms) = postSolution
		{09AB8478-0FD8-4491-BE7A-57BD5ADF7A2E}.Debug|Any CPU.ActiveCfg = Debug|Any CPU
		{09AB8478-0FD8-4491-BE7A-57BD5ADF7A2E}.Debug|Any CPU.Build.0 = Debug|Any CPU
		{09AB8478-0FD8-4491-BE7A-57BD5ADF7A2E}.Release|Any CPU.ActiveCfg = Release|Any CPU
		{09AB8478-0FD8-4491-BE7A-57BD5ADF7A2E}.Release|Any CPU.Build.0 = Release|Any CPU
	EndGlobalSection
	GlobalSection(SolutionProperties) = preSolution
		HideSolutionNode = FALSE
	EndGlobalSection
	GlobalSection(ExtensibilityGlobals) = postSolution
		SolutionGuid = {7622488E-C513-47F7-BA32-45C341E3CE29}
	EndGlobalSection
EndGlobal
