
Microsoft Visual Studio Solution File, Format Version 12.00
# Visual Studio Version 16
VisualStudioVersion = 16.0.31624.102
MinimumVisualStudioVersion = 10.0.40219.1
Project("{FAE04EC0-301F-11D3-BF4B-00C04F79EFBC}") = "108.LongestRepeatingCharcterReplacement", "108.LongestRepeatingCharcterReplacement\108.LongestRepeatingCharcterReplacement.csproj", "{5206060B-FBFF-487D-91AD-F015B8C1CF2F}"
EndProject
Global
	GlobalSection(SolutionConfigurationPlatforms) = preSolution
		Debug|Any CPU = Debug|Any CPU
		Release|Any CPU = Release|Any CPU
	EndGlobalSection
	GlobalSection(ProjectConfigurationPlatforms) = postSolution
		{5206060B-FBFF-487D-91AD-F015B8C1CF2F}.Debug|Any CPU.ActiveCfg = Debug|Any CPU
		{5206060B-FBFF-487D-91AD-F015B8C1CF2F}.Debug|Any CPU.Build.0 = Debug|Any CPU
		{5206060B-FBFF-487D-91AD-F015B8C1CF2F}.Release|Any CPU.ActiveCfg = Release|Any CPU
		{5206060B-FBFF-487D-91AD-F015B8C1CF2F}.Release|Any CPU.Build.0 = Release|Any CPU
	EndGlobalSection
	GlobalSection(SolutionProperties) = preSolution
		HideSolutionNode = FALSE
	EndGlobalSection
	GlobalSection(ExtensibilityGlobals) = postSolution
		SolutionGuid = {59FCD18D-6A70-4437-BF22-A0ECADCC04D0}
	EndGlobalSection
EndGlobal
