
Microsoft Visual Studio Solution File, Format Version 12.00
# Visual Studio Version 16
VisualStudioVersion = 16.0.31624.102
MinimumVisualStudioVersion = 10.0.40219.1
Project("{FAE04EC0-301F-11D3-BF4B-00C04F79EFBC}") = "26.Merge2Trees", "26.Merge2Trees\26.Merge2Trees.csproj", "{132F2859-673E-44A0-8D71-77A4E8866A4A}"
EndProject
Global
	GlobalSection(SolutionConfigurationPlatforms) = preSolution
		Debug|Any CPU = Debug|Any CPU
		Release|Any CPU = Release|Any CPU
	EndGlobalSection
	GlobalSection(ProjectConfigurationPlatforms) = postSolution
		{132F2859-673E-44A0-8D71-77A4E8866A4A}.Debug|Any CPU.ActiveCfg = Debug|Any CPU
		{132F2859-673E-44A0-8D71-77A4E8866A4A}.Debug|Any CPU.Build.0 = Debug|Any CPU
		{132F2859-673E-44A0-8D71-77A4E8866A4A}.Release|Any CPU.ActiveCfg = Release|Any CPU
		{132F2859-673E-44A0-8D71-77A4E8866A4A}.Release|Any CPU.Build.0 = Release|Any CPU
	EndGlobalSection
	GlobalSection(SolutionProperties) = preSolution
		HideSolutionNode = FALSE
	EndGlobalSection
	GlobalSection(ExtensibilityGlobals) = postSolution
		SolutionGuid = {F739795F-2301-4110-9F6B-0455B00296B3}
	EndGlobalSection
EndGlobal
