
Microsoft Visual Studio Solution File, Format Version 12.00
# Visual Studio Version 16
VisualStudioVersion = 16.0.31624.102
MinimumVisualStudioVersion = 10.0.40219.1
Project("{FAE04EC0-301F-11D3-BF4B-00C04F79EFBC}") = "2.MissingNumber", "2.MissingNumber\2.MissingNumber.csproj", "{0F4266D0-BA11-4A43-AB42-0EBDE42C9F77}"
EndProject
Global
	GlobalSection(SolutionConfigurationPlatforms) = preSolution
		Debug|Any CPU = Debug|Any CPU
		Release|Any CPU = Release|Any CPU
	EndGlobalSection
	GlobalSection(ProjectConfigurationPlatforms) = postSolution
		{0F4266D0-BA11-4A43-AB42-0EBDE42C9F77}.Debug|Any CPU.ActiveCfg = Debug|Any CPU
		{0F4266D0-BA11-4A43-AB42-0EBDE42C9F77}.Debug|Any CPU.Build.0 = Debug|Any CPU
		{0F4266D0-BA11-4A43-AB42-0EBDE42C9F77}.Release|Any CPU.ActiveCfg = Release|Any CPU
		{0F4266D0-BA11-4A43-AB42-0EBDE42C9F77}.Release|Any CPU.Build.0 = Release|Any CPU
	EndGlobalSection
	GlobalSection(SolutionProperties) = preSolution
		HideSolutionNode = FALSE
	EndGlobalSection
	GlobalSection(ExtensibilityGlobals) = postSolution
		SolutionGuid = {990F7C39-4447-4ABD-97E0-2FEAAE249855}
	EndGlobalSection
EndGlobal
