
Microsoft Visual Studio Solution File, Format Version 12.00
# Visual Studio Version 16
VisualStudioVersion = 16.0.31624.102
MinimumVisualStudioVersion = 10.0.40219.1
Project("{FAE04EC0-301F-11D3-BF4B-00C04F79EFBC}") = "98.MinimumInRotatedSortedArray", "98.MinimumInRotatedSortedArray\98.MinimumInRotatedSortedArray.csproj", "{7E2C7144-9182-4FF9-9104-F7FD3C7D362F}"
EndProject
Global
	GlobalSection(SolutionConfigurationPlatforms) = preSolution
		Debug|Any CPU = Debug|Any CPU
		Release|Any CPU = Release|Any CPU
	EndGlobalSection
	GlobalSection(ProjectConfigurationPlatforms) = postSolution
		{7E2C7144-9182-4FF9-9104-F7FD3C7D362F}.Debug|Any CPU.ActiveCfg = Debug|Any CPU
		{7E2C7144-9182-4FF9-9104-F7FD3C7D362F}.Debug|Any CPU.Build.0 = Debug|Any CPU
		{7E2C7144-9182-4FF9-9104-F7FD3C7D362F}.Release|Any CPU.ActiveCfg = Release|Any CPU
		{7E2C7144-9182-4FF9-9104-F7FD3C7D362F}.Release|Any CPU.Build.0 = Release|Any CPU
	EndGlobalSection
	GlobalSection(SolutionProperties) = preSolution
		HideSolutionNode = FALSE
	EndGlobalSection
	GlobalSection(ExtensibilityGlobals) = postSolution
		SolutionGuid = {EF94559E-0516-4779-9AB9-3544878A51D5}
	EndGlobalSection
EndGlobal
