
Microsoft Visual Studio Solution File, Format Version 12.00
# Visual Studio Version 16
VisualStudioVersion = 16.0.31624.102
MinimumVisualStudioVersion = 10.0.40219.1
Project("{FAE04EC0-301F-11D3-BF4B-00C04F79EFBC}") = "77.RemoveNthNodeFromList", "77.RemoveNthNodeFromList\77.RemoveNthNodeFromList.csproj", "{6DFF3C17-2BAF-4E24-970E-E714FC1BD2C2}"
EndProject
Global
	GlobalSection(SolutionConfigurationPlatforms) = preSolution
		Debug|Any CPU = Debug|Any CPU
		Release|Any CPU = Release|Any CPU
	EndGlobalSection
	GlobalSection(ProjectConfigurationPlatforms) = postSolution
		{6DFF3C17-2BAF-4E24-970E-E714FC1BD2C2}.Debug|Any CPU.ActiveCfg = Debug|Any CPU
		{6DFF3C17-2BAF-4E24-970E-E714FC1BD2C2}.Debug|Any CPU.Build.0 = Debug|Any CPU
		{6DFF3C17-2BAF-4E24-970E-E714FC1BD2C2}.Release|Any CPU.ActiveCfg = Release|Any CPU
		{6DFF3C17-2BAF-4E24-970E-E714FC1BD2C2}.Release|Any CPU.Build.0 = Release|Any CPU
	EndGlobalSection
	GlobalSection(SolutionProperties) = preSolution
		HideSolutionNode = FALSE
	EndGlobalSection
	GlobalSection(ExtensibilityGlobals) = postSolution
		SolutionGuid = {7F980234-D638-4880-A590-2C86D187E2D0}
	EndGlobalSection
EndGlobal
