
Microsoft Visual Studio Solution File, Format Version 12.00
# Visual Studio Version 16
VisualStudioVersion = 16.0.31624.102
MinimumVisualStudioVersion = 10.0.40219.1
Project("{FAE04EC0-301F-11D3-BF4B-00C04F79EFBC}") = "135.3Sum", "135.3Sum\135.3Sum.csproj", "{1C55EC5A-7C73-46B2-B61E-27E6D5A66F1E}"
EndProject
Global
	GlobalSection(SolutionConfigurationPlatforms) = preSolution
		Debug|Any CPU = Debug|Any CPU
		Release|Any CPU = Release|Any CPU
	EndGlobalSection
	GlobalSection(ProjectConfigurationPlatforms) = postSolution
		{1C55EC5A-7C73-46B2-B61E-27E6D5A66F1E}.Debug|Any CPU.ActiveCfg = Debug|Any CPU
		{1C55EC5A-7C73-46B2-B61E-27E6D5A66F1E}.Debug|Any CPU.Build.0 = Debug|Any CPU
		{1C55EC5A-7C73-46B2-B61E-27E6D5A66F1E}.Release|Any CPU.ActiveCfg = Release|Any CPU
		{1C55EC5A-7C73-46B2-B61E-27E6D5A66F1E}.Release|Any CPU.Build.0 = Release|Any CPU
	EndGlobalSection
	GlobalSection(SolutionProperties) = preSolution
		HideSolutionNode = FALSE
	EndGlobalSection
	GlobalSection(ExtensibilityGlobals) = postSolution
		SolutionGuid = {2FE82465-07FC-4E52-A6D9-32EE1E977BA4}
	EndGlobalSection
EndGlobal
