
Microsoft Visual Studio Solution File, Format Version 12.00
# Visual Studio Version 16
VisualStudioVersion = 16.0.31624.102
MinimumVisualStudioVersion = 10.0.40219.1
Project("{FAE04EC0-301F-11D3-BF4B-00C04F79EFBC}") = "82.NumberOfIslands", "82.NumberOfIslands\82.NumberOfIslands.csproj", "{1E3AA0ED-073A-4F7B-97A1-6F8D97EC3AE7}"
EndProject
Global
	GlobalSection(SolutionConfigurationPlatforms) = preSolution
		Debug|Any CPU = Debug|Any CPU
		Release|Any CPU = Release|Any CPU
	EndGlobalSection
	GlobalSection(ProjectConfigurationPlatforms) = postSolution
		{1E3AA0ED-073A-4F7B-97A1-6F8D97EC3AE7}.Debug|Any CPU.ActiveCfg = Debug|Any CPU
		{1E3AA0ED-073A-4F7B-97A1-6F8D97EC3AE7}.Debug|Any CPU.Build.0 = Debug|Any CPU
		{1E3AA0ED-073A-4F7B-97A1-6F8D97EC3AE7}.Release|Any CPU.ActiveCfg = Release|Any CPU
		{1E3AA0ED-073A-4F7B-97A1-6F8D97EC3AE7}.Release|Any CPU.Build.0 = Release|Any CPU
	EndGlobalSection
	GlobalSection(SolutionProperties) = preSolution
		HideSolutionNode = FALSE
	EndGlobalSection
	GlobalSection(ExtensibilityGlobals) = postSolution
		SolutionGuid = {04A65775-928A-4B42-AF2B-E2EF74966F39}
	EndGlobalSection
EndGlobal
