
Microsoft Visual Studio Solution File, Format Version 12.00
# Visual Studio Version 16
VisualStudioVersion = 16.0.31624.102
MinimumVisualStudioVersion = 10.0.40219.1
Project("{FAE04EC0-301F-11D3-BF4B-00C04F79EFBC}") = "150.SlidingWindowMax", "150.SlidingWindowMax\150.SlidingWindowMax.csproj", "{09971806-EEA5-422A-9856-E11825B18EEE}"
EndProject
Global
	GlobalSection(SolutionConfigurationPlatforms) = preSolution
		Debug|Any CPU = Debug|Any CPU
		Release|Any CPU = Release|Any CPU
	EndGlobalSection
	GlobalSection(ProjectConfigurationPlatforms) = postSolution
		{09971806-EEA5-422A-9856-E11825B18EEE}.Debug|Any CPU.ActiveCfg = Debug|Any CPU
		{09971806-EEA5-422A-9856-E11825B18EEE}.Debug|Any CPU.Build.0 = Debug|Any CPU
		{09971806-EEA5-422A-9856-E11825B18EEE}.Release|Any CPU.ActiveCfg = Release|Any CPU
		{09971806-EEA5-422A-9856-E11825B18EEE}.Release|Any CPU.Build.0 = Release|Any CPU
	EndGlobalSection
	GlobalSection(SolutionProperties) = preSolution
		HideSolutionNode = FALSE
	EndGlobalSection
	GlobalSection(ExtensibilityGlobals) = postSolution
		SolutionGuid = {FA0258E4-D33B-4E41-8626-458810528C79}
	EndGlobalSection
EndGlobal
