
Microsoft Visual Studio Solution File, Format Version 12.00
# Visual Studio Version 16
VisualStudioVersion = 16.0.31624.102
MinimumVisualStudioVersion = 10.0.40219.1
Project("{FAE04EC0-301F-11D3-BF4B-00C04F79EFBC}") = "51.CombinationSum", "51.CombinationSum\51.CombinationSum.csproj", "{D41748D6-AD9B-4C2B-B080-ECA39DDA8877}"
EndProject
Global
	GlobalSection(SolutionConfigurationPlatforms) = preSolution
		Debug|Any CPU = Debug|Any CPU
		Release|Any CPU = Release|Any CPU
	EndGlobalSection
	GlobalSection(ProjectConfigurationPlatforms) = postSolution
		{D41748D6-AD9B-4C2B-B080-ECA39DDA8877}.Debug|Any CPU.ActiveCfg = Debug|Any CPU
		{D41748D6-AD9B-4C2B-B080-ECA39DDA8877}.Debug|Any CPU.Build.0 = Debug|Any CPU
		{D41748D6-AD9B-4C2B-B080-ECA39DDA8877}.Release|Any CPU.ActiveCfg = Release|Any CPU
		{D41748D6-AD9B-4C2B-B080-ECA39DDA8877}.Release|Any CPU.Build.0 = Release|Any CPU
	EndGlobalSection
	GlobalSection(SolutionProperties) = preSolution
		HideSolutionNode = FALSE
	EndGlobalSection
	GlobalSection(ExtensibilityGlobals) = postSolution
		SolutionGuid = {ACE862FA-DD33-4E3E-92AD-46E7D6C8BDD8}
	EndGlobalSection
EndGlobal
