
Microsoft Visual Studio Solution File, Format Version 12.00
# Visual Studio Version 16
VisualStudioVersion = 16.0.31624.102
MinimumVisualStudioVersion = 10.0.40219.1
Project("{FAE04EC0-301F-11D3-BF4B-00C04F79EFBC}") = "111.KclosestToOrigin", "111.KclosestToOrigin\111.KclosestToOrigin.csproj", "{46062B80-C9E4-40D2-8B29-F173B6DBAB69}"
EndProject
Global
	GlobalSection(SolutionConfigurationPlatforms) = preSolution
		Debug|Any CPU = Debug|Any CPU
		Release|Any CPU = Release|Any CPU
	EndGlobalSection
	GlobalSection(ProjectConfigurationPlatforms) = postSolution
		{46062B80-C9E4-40D2-8B29-F173B6DBAB69}.Debug|Any CPU.ActiveCfg = Debug|Any CPU
		{46062B80-C9E4-40D2-8B29-F173B6DBAB69}.Debug|Any CPU.Build.0 = Debug|Any CPU
		{46062B80-C9E4-40D2-8B29-F173B6DBAB69}.Release|Any CPU.ActiveCfg = Release|Any CPU
		{46062B80-C9E4-40D2-8B29-F173B6DBAB69}.Release|Any CPU.Build.0 = Release|Any CPU
	EndGlobalSection
	GlobalSection(SolutionProperties) = preSolution
		HideSolutionNode = FALSE
	EndGlobalSection
	GlobalSection(ExtensibilityGlobals) = postSolution
		SolutionGuid = {207178ED-FB13-4070-9A15-30596B988E39}
	EndGlobalSection
EndGlobal
