
Microsoft Visual Studio Solution File, Format Version 12.00
# Visual Studio Version 16
VisualStudioVersion = 16.0.31624.102
MinimumVisualStudioVersion = 10.0.40219.1
Project("{FAE04EC0-301F-11D3-BF4B-00C04F79EFBC}") = "134.MaximumWidthOfTree", "134.MaximumWidthOfTree\134.MaximumWidthOfTree.csproj", "{FC48149F-2E98-4B36-A791-D391EBA3B944}"
EndProject
Global
	GlobalSection(SolutionConfigurationPlatforms) = preSolution
		Debug|Any CPU = Debug|Any CPU
		Release|Any CPU = Release|Any CPU
	EndGlobalSection
	GlobalSection(ProjectConfigurationPlatforms) = postSolution
		{FC48149F-2E98-4B36-A791-D391EBA3B944}.Debug|Any CPU.ActiveCfg = Debug|Any CPU
		{FC48149F-2E98-4B36-A791-D391EBA3B944}.Debug|Any CPU.Build.0 = Debug|Any CPU
		{FC48149F-2E98-4B36-A791-D391EBA3B944}.Release|Any CPU.ActiveCfg = Release|Any CPU
		{FC48149F-2E98-4B36-A791-D391EBA3B944}.Release|Any CPU.Build.0 = Release|Any CPU
	EndGlobalSection
	GlobalSection(SolutionProperties) = preSolution
		HideSolutionNode = FALSE
	EndGlobalSection
	GlobalSection(ExtensibilityGlobals) = postSolution
		SolutionGuid = {D2B164B9-A32C-40A5-8180-893A7CF3D853}
	EndGlobalSection
EndGlobal
