
Microsoft Visual Studio Solution File, Format Version 12.00
# Visual Studio Version 16
VisualStudioVersion = 16.0.31624.102
MinimumVisualStudioVersion = 10.0.40219.1
Project("{FAE04EC0-301F-11D3-BF4B-00C04F79EFBC}") = "14.RemoveDuplicates", "14.RemoveDuplicates\14.RemoveDuplicates.csproj", "{D83E9072-6AE8-44E4-990A-A46D81F5391F}"
EndProject
Global
	GlobalSection(SolutionConfigurationPlatforms) = preSolution
		Debug|Any CPU = Debug|Any CPU
		Release|Any CPU = Release|Any CPU
	EndGlobalSection
	GlobalSection(ProjectConfigurationPlatforms) = postSolution
		{D83E9072-6AE8-44E4-990A-A46D81F5391F}.Debug|Any CPU.ActiveCfg = Debug|Any CPU
		{D83E9072-6AE8-44E4-990A-A46D81F5391F}.Debug|Any CPU.Build.0 = Debug|Any CPU
		{D83E9072-6AE8-44E4-990A-A46D81F5391F}.Release|Any CPU.ActiveCfg = Release|Any CPU
		{D83E9072-6AE8-44E4-990A-A46D81F5391F}.Release|Any CPU.Build.0 = Release|Any CPU
	EndGlobalSection
	GlobalSection(SolutionProperties) = preSolution
		HideSolutionNode = FALSE
	EndGlobalSection
	GlobalSection(ExtensibilityGlobals) = postSolution
		SolutionGuid = {D7431491-0834-424E-A288-504066EB5439}
	EndGlobalSection
EndGlobal
