
Microsoft Visual Studio Solution File, Format Version 12.00
# Visual Studio Version 16
VisualStudioVersion = 16.0.31624.102
MinimumVisualStudioVersion = 10.0.40219.1
Project("{FAE04EC0-301F-11D3-BF4B-00C04F79EFBC}") = "37.ProductOfArrayExceptSelf", "37.ProductOfArrayExceptSelf\37.ProductOfArrayExceptSelf.csproj", "{6A86D63B-73CF-4B28-8434-C6ECB02A6677}"
EndProject
Global
	GlobalSection(SolutionConfigurationPlatforms) = preSolution
		Debug|Any CPU = Debug|Any CPU
		Release|Any CPU = Release|Any CPU
	EndGlobalSection
	GlobalSection(ProjectConfigurationPlatforms) = postSolution
		{6A86D63B-73CF-4B28-8434-C6ECB02A6677}.Debug|Any CPU.ActiveCfg = Debug|Any CPU
		{6A86D63B-73CF-4B28-8434-C6ECB02A6677}.Debug|Any CPU.Build.0 = Debug|Any CPU
		{6A86D63B-73CF-4B28-8434-C6ECB02A6677}.Release|Any CPU.ActiveCfg = Release|Any CPU
		{6A86D63B-73CF-4B28-8434-C6ECB02A6677}.Release|Any CPU.Build.0 = Release|Any CPU
	EndGlobalSection
	GlobalSection(SolutionProperties) = preSolution
		HideSolutionNode = FALSE
	EndGlobalSection
	GlobalSection(ExtensibilityGlobals) = postSolution
		SolutionGuid = {3E91C640-03E0-4C5F-86D7-78BF09822439}
	EndGlobalSection
EndGlobal
