
Microsoft Visual Studio Solution File, Format Version 12.00
# Visual Studio Version 16
VisualStudioVersion = 16.0.31624.102
MinimumVisualStudioVersion = 10.0.40219.1
Project("{FAE04EC0-301F-11D3-BF4B-00C04F79EFBC}") = "46.Subsets", "46.Subsets\46.Subsets.csproj", "{BEDF1E01-1CC2-4248-84B6-28CD305B3EC0}"
EndProject
Global
	GlobalSection(SolutionConfigurationPlatforms) = preSolution
		Debug|Any CPU = Debug|Any CPU
		Release|Any CPU = Release|Any CPU
	EndGlobalSection
	GlobalSection(ProjectConfigurationPlatforms) = postSolution
		{BEDF1E01-1CC2-4248-84B6-28CD305B3EC0}.Debug|Any CPU.ActiveCfg = Debug|Any CPU
		{BEDF1E01-1CC2-4248-84B6-28CD305B3EC0}.Debug|Any CPU.Build.0 = Debug|Any CPU
		{BEDF1E01-1CC2-4248-84B6-28CD305B3EC0}.Release|Any CPU.ActiveCfg = Release|Any CPU
		{BEDF1E01-1CC2-4248-84B6-28CD305B3EC0}.Release|Any CPU.Build.0 = Release|Any CPU
	EndGlobalSection
	GlobalSection(SolutionProperties) = preSolution
		HideSolutionNode = FALSE
	EndGlobalSection
	GlobalSection(ExtensibilityGlobals) = postSolution
		SolutionGuid = {BB0B9C27-40E4-4BBA-A160-E05AE2A35D8B}
	EndGlobalSection
EndGlobal
