
Microsoft Visual Studio Solution File, Format Version 12.00
# Visual Studio Version 16
VisualStudioVersion = 16.0.31624.102
MinimumVisualStudioVersion = 10.0.40219.1
Project("{FAE04EC0-301F-11D3-BF4B-00C04F79EFBC}") = "96.BurstBalloons", "96.BurstBalloons\96.BurstBalloons.csproj", "{B8403E1B-7E56-40D7-9417-866C4AE1EC14}"
EndProject
Global
	GlobalSection(SolutionConfigurationPlatforms) = preSolution
		Debug|Any CPU = Debug|Any CPU
		Release|Any CPU = Release|Any CPU
	EndGlobalSection
	GlobalSection(ProjectConfigurationPlatforms) = postSolution
		{B8403E1B-7E56-40D7-9417-866C4AE1EC14}.Debug|Any CPU.ActiveCfg = Debug|Any CPU
		{B8403E1B-7E56-40D7-9417-866C4AE1EC14}.Debug|Any CPU.Build.0 = Debug|Any CPU
		{B8403E1B-7E56-40D7-9417-866C4AE1EC14}.Release|Any CPU.ActiveCfg = Release|Any CPU
		{B8403E1B-7E56-40D7-9417-866C4AE1EC14}.Release|Any CPU.Build.0 = Release|Any CPU
	EndGlobalSection
	GlobalSection(SolutionProperties) = preSolution
		HideSolutionNode = FALSE
	EndGlobalSection
	GlobalSection(ExtensibilityGlobals) = postSolution
		SolutionGuid = {B79F170D-F5AD-4187-BADA-BABECEEF0618}
	EndGlobalSection
EndGlobal
