
Microsoft Visual Studio Solution File, Format Version 12.00
# Visual Studio Version 16
VisualStudioVersion = 16.0.31624.102
MinimumVisualStudioVersion = 10.0.40219.1
Project("{FAE04EC0-301F-11D3-BF4B-00C04F79EFBC}") = "106.FruitIntoBaskets", "106.FruitIntoBaskets\106.FruitIntoBaskets.csproj", "{BA79C369-CA25-476C-87B4-4C1278E394CE}"
EndProject
Global
	GlobalSection(SolutionConfigurationPlatforms) = preSolution
		Debug|Any CPU = Debug|Any CPU
		Release|Any CPU = Release|Any CPU
	EndGlobalSection
	GlobalSection(ProjectConfigurationPlatforms) = postSolution
		{BA79C369-CA25-476C-87B4-4C1278E394CE}.Debug|Any CPU.ActiveCfg = Debug|Any CPU
		{BA79C369-CA25-476C-87B4-4C1278E394CE}.Debug|Any CPU.Build.0 = Debug|Any CPU
		{BA79C369-CA25-476C-87B4-4C1278E394CE}.Release|Any CPU.ActiveCfg = Release|Any CPU
		{BA79C369-CA25-476C-87B4-4C1278E394CE}.Release|Any CPU.Build.0 = Release|Any CPU
	EndGlobalSection
	GlobalSection(SolutionProperties) = preSolution
		HideSolutionNode = FALSE
	EndGlobalSection
	GlobalSection(ExtensibilityGlobals) = postSolution
		SolutionGuid = {64DEEC6E-646C-415D-93A6-E95A1D6627A1}
	EndGlobalSection
EndGlobal
