
Microsoft Visual Studio Solution File, Format Version 12.00
# Visual Studio Version 16
VisualStudioVersion = 16.0.31624.102
MinimumVisualStudioVersion = 10.0.40219.1
Project("{FAE04EC0-301F-11D3-BF4B-00C04F79EFBC}") = "74.BuySellStockWithCooldown", "74.BuySellStockWithCooldown\74.BuySellStockWithCooldown.csproj", "{DEDF2E5C-1B0C-4FA7-A702-8990995BBE44}"
EndProject
Global
	GlobalSection(SolutionConfigurationPlatforms) = preSolution
		Debug|Any CPU = Debug|Any CPU
		Release|Any CPU = Release|Any CPU
	EndGlobalSection
	GlobalSection(ProjectConfigurationPlatforms) = postSolution
		{DEDF2E5C-1B0C-4FA7-A702-8990995BBE44}.Debug|Any CPU.ActiveCfg = Debug|Any CPU
		{DEDF2E5C-1B0C-4FA7-A702-8990995BBE44}.Debug|Any CPU.Build.0 = Debug|Any CPU
		{DEDF2E5C-1B0C-4FA7-A702-8990995BBE44}.Release|Any CPU.ActiveCfg = Release|Any CPU
		{DEDF2E5C-1B0C-4FA7-A702-8990995BBE44}.Release|Any CPU.Build.0 = Release|Any CPU
	EndGlobalSection
	GlobalSection(SolutionProperties) = preSolution
		HideSolutionNode = FALSE
	EndGlobalSection
	GlobalSection(ExtensibilityGlobals) = postSolution
		SolutionGuid = {A89E2DDE-B0F6-4766-AC99-AA69EF590879}
	EndGlobalSection
EndGlobal
