
Microsoft Visual Studio Solution File, Format Version 12.00
# Visual Studio Version 16
VisualStudioVersion = 16.0.31624.102
MinimumVisualStudioVersion = 10.0.40219.1
Project("{FAE04EC0-301F-11D3-BF4B-00C04F79EFBC}") = "36.Convert1Dto2D", "36.Convert1Dto2D\36.Convert1Dto2D.csproj", "{193741C5-BE26-4E73-A7FE-89CB7546CEE7}"
EndProject
Global
	GlobalSection(SolutionConfigurationPlatforms) = preSolution
		Debug|Any CPU = Debug|Any CPU
		Release|Any CPU = Release|Any CPU
	EndGlobalSection
	GlobalSection(ProjectConfigurationPlatforms) = postSolution
		{193741C5-BE26-4E73-A7FE-89CB7546CEE7}.Debug|Any CPU.ActiveCfg = Debug|Any CPU
		{193741C5-BE26-4E73-A7FE-89CB7546CEE7}.Debug|Any CPU.Build.0 = Debug|Any CPU
		{193741C5-BE26-4E73-A7FE-89CB7546CEE7}.Release|Any CPU.ActiveCfg = Release|Any CPU
		{193741C5-BE26-4E73-A7FE-89CB7546CEE7}.Release|Any CPU.Build.0 = Release|Any CPU
	EndGlobalSection
	GlobalSection(SolutionProperties) = preSolution
		HideSolutionNode = FALSE
	EndGlobalSection
	GlobalSection(ExtensibilityGlobals) = postSolution
		SolutionGuid = {10A0CF6E-6030-44F7-AFCD-BF7029097341}
	EndGlobalSection
EndGlobal
