
Microsoft Visual Studio Solution File, Format Version 12.00
# Visual Studio Version 16
VisualStudioVersion = 16.0.31624.102
MinimumVisualStudioVersion = 10.0.40219.1
Project("{FAE04EC0-301F-11D3-BF4B-00C04F79EFBC}") = "16.Merge2SortedLists", "16.Merge2SortedLists\16.Merge2SortedLists.csproj", "{F5C85064-E780-4439-AD20-0D2700F6E455}"
EndProject
Global
	GlobalSection(SolutionConfigurationPlatforms) = preSolution
		Debug|Any CPU = Debug|Any CPU
		Release|Any CPU = Release|Any CPU
	EndGlobalSection
	GlobalSection(ProjectConfigurationPlatforms) = postSolution
		{F5C85064-E780-4439-AD20-0D2700F6E455}.Debug|Any CPU.ActiveCfg = Debug|Any CPU
		{F5C85064-E780-4439-AD20-0D2700F6E455}.Debug|Any CPU.Build.0 = Debug|Any CPU
		{F5C85064-E780-4439-AD20-0D2700F6E455}.Release|Any CPU.ActiveCfg = Release|Any CPU
		{F5C85064-E780-4439-AD20-0D2700F6E455}.Release|Any CPU.Build.0 = Release|Any CPU
	EndGlobalSection
	GlobalSection(SolutionProperties) = preSolution
		HideSolutionNode = FALSE
	EndGlobalSection
	GlobalSection(ExtensibilityGlobals) = postSolution
		SolutionGuid = {00CD02AE-CECA-4242-8ABD-A07C9189B1AA}
	EndGlobalSection
EndGlobal
